Microsoft Visual Studio Solution File, Format Version 9.00
# Visual C++ Express 2005
Project("{8BC9CEB8-8B4A-11D0-8D11-00A0C91BC942}") = "learning-tests", "learning-tests.vcproj", "{CCD23CD5-1B70-41B3-A0DA-7C8160B4F7D2}"
EndProject
Global
	GlobalSection(SolutionConfigurationPlatforms) = preSolution
		Debug|Win32 = Debug|Win32
		Release|Win32 = Release|Win32
	EndGlobalSection
	GlobalSection(ProjectConfigurationPlatforms) = postSolution
		{CCD23CD5-1B70-41B3-A0DA-7C8160B4F7D2}.Debug|Win32.ActiveCfg = Debug|Win32
		{CCD23CD5-1B70-41B3-A0DA-7C8160B4F7D2}.Debug|Win32.Build.0 = Debug|Win32
		{CCD23CD5-1B70-41B3-A0DA-7C8160B4F7D2}.Release|Win32.ActiveCfg = Release|Win32
		{CCD23CD5-1B70-41B3-A0DA-7C8160B4F7D2}.Release|Win32.Build.0 = Release|Win32
	EndGlobalSection
	GlobalSection(SolutionProperties) = preSolution
		HideSolutionNode = FALSE
	EndGlobalSection
EndGlobal
