Microsoft Visual Studio Solution File, Format Version 10.00
# Visual C++ Express 2008
Project("{8BC9CEB8-8B4A-11D0-8D11-00A0C91BC942}") = "opal-ode", "opal-ode.vcproj", "{CF518B0E-9C91-482F-9582-74BE1771DEA2}"
EndProject
Project("{8BC9CEB8-8B4A-11D0-8D11-00A0C91BC942}") = "unit-tests", "unit-tests.vcproj", "{C0217C99-0B4F-4273-898E-B8452E3C8400}"
	ProjectSection(ProjectDependencies) = postProject
		{CF518B0E-9C91-482F-9582-74BE1771DEA2} = {CF518B0E-9C91-482F-9582-74BE1771DEA2}
	EndProjectSection
EndProject
Global
	GlobalSection(SolutionConfigurationPlatforms) = preSolution
		Debug|Win32 = Debug|Win32
		Release|Win32 = Release|Win32
	EndGlobalSection
	GlobalSection(ProjectConfigurationPlatforms) = postSolution
		{CF518B0E-9C91-482F-9582-74BE1771DEA2}.Debug|Win32.ActiveCfg = Debug|Win32
		{CF518B0E-9C91-482F-9582-74BE1771DEA2}.Debug|Win32.Build.0 = Debug|Win32
		{CF518B0E-9C91-482F-9582-74BE1771DEA2}.Release|Win32.ActiveCfg = Release|Win32
		{CF518B0E-9C91-482F-9582-74BE1771DEA2}.Release|Win32.Build.0 = Release|Win32
		{C0217C99-0B4F-4273-898E-B8452E3C8400}.Debug|Win32.ActiveCfg = Debug|Win32
		{C0217C99-0B4F-4273-898E-B8452E3C8400}.Debug|Win32.Build.0 = Debug|Win32
		{C0217C99-0B4F-4273-898E-B8452E3C8400}.Release|Win32.ActiveCfg = Release|Win32
		{C0217C99-0B4F-4273-898E-B8452E3C8400}.Release|Win32.Build.0 = Release|Win32
	EndGlobalSection
	GlobalSection(SolutionProperties) = preSolution
		HideSolutionNode = FALSE
	EndGlobalSection
EndGlobal
