Microsoft Visual Studio Solution File, Format Version 8.00
Project("{8BC9CEB8-8B4A-11D0-8D11-00A0C91BC942}") = "reward_prediction", "reward_prediction.vcproj", "{C96EB82D-C423-4F41-9F28-8CA8368BCA4E}"
	ProjectSection(ProjectDependencies) = postProject
	EndProjectSection
EndProject
Global
	GlobalSection(SolutionConfiguration) = preSolution
		Debug = Debug
		Release = Release
	EndGlobalSection
	GlobalSection(ProjectConfiguration) = postSolution
		{C96EB82D-C423-4F41-9F28-8CA8368BCA4E}.Debug.ActiveCfg = Debug|Win32
		{C96EB82D-C423-4F41-9F28-8CA8368BCA4E}.Debug.Build.0 = Debug|Win32
		{C96EB82D-C423-4F41-9F28-8CA8368BCA4E}.Release.ActiveCfg = Release|Win32
		{C96EB82D-C423-4F41-9F28-8CA8368BCA4E}.Release.Build.0 = Release|Win32
	EndGlobalSection
	GlobalSection(ExtensibilityGlobals) = postSolution
	EndGlobalSection
	GlobalSection(ExtensibilityAddIns) = postSolution
	EndGlobalSection
EndGlobal
