<?xml version="1.0" encoding="UTF-8" standalone="yes" ?>
<CodeBlocks_project_file>
	<FileVersion major="1" minor="3" />
	<Project>
		<Option title="unittests" />
		<Option pch_mode="0" />
		<Option compiler="gcc" />
		<Build>
			<Target title="Release">
				<Option output="..\..\build\mingw\Release\unittests.exe" />
				<Option type="1" />
				<Option compiler="gcc" />
				<Option includeInTargetAll="1" />
				<Option projectResourceIncludeDirsRelation="1" />
				<Compiler>
					<Add option="-O3" />
					<Add option="-Wall" />
				</Compiler>
				<Linker>
					<Add library="libopal-ode.a" />
					<Add directory="..\..\build\mingw\Release" />
				</Linker>
			</Target>
			<Target title="Debug">
				<Option output="..\..\build\mingw\Debug\unittests_d.exe" />
				<Option type="1" />
				<Option compiler="gcc" />
				<Option includeInTargetAll="1" />
				<Option projectResourceIncludeDirsRelation="1" />
				<Compiler>
					<Add option="-Wall" />
					<Add option="-g" />
				</Compiler>
				<Linker>
					<Add library="libopal-ode_d.a" />
					<Add directory="..\..\build\mingw\Debug" />
				</Linker>
			</Target>
		</Build>
		<Compiler>
			<Add option="-DOPAL_USE_DOUBLE" />
			<Add directory="..\..\src\external\quicktest" />
		</Compiler>
		<Linker>
			<Add directory="..\CB_mingw" />
		</Linker>
		<Unit filename="..\..\src\testAccelerationSensor.cpp">
			<Option compilerVar="CPP" />
			<Option target="Release" />
			<Option target="Debug" />
		</Unit>
		<Unit filename="..\..\src\testBallJoint.cpp">
			<Option compilerVar="CPP" />
			<Option target="Release" />
			<Option target="Debug" />
		</Unit>
		<Unit filename="..\..\src\testBlueprint.cpp">
			<Option compilerVar="CPP" />
			<Option target="Release" />
			<Option target="Debug" />
		</Unit>
		<Unit filename="..\..\src\testFixedJoint.cpp">
			<Option compilerVar="CPP" />
			<Option target="Release" />
			<Option target="Debug" />
		</Unit>
		<Unit filename="..\..\src\testJoint.cpp">
			<Option compilerVar="CPP" />
			<Option target="Release" />
			<Option target="Debug" />
		</Unit>
		<Unit filename="..\..\src\testMath.cpp">
			<Option compilerVar="CPP" />
			<Option target="Release" />
			<Option target="Debug" />
		</Unit>
		<Unit filename="..\..\src\testMatrix44r.cpp">
			<Option compilerVar="CPP" />
			<Option target="Release" />
			<Option target="Debug" />
		</Unit>
		<Unit filename="..\..\src\testMotor.cpp">
			<Option compilerVar="CPP" />
			<Option target="Release" />
			<Option target="Debug" />
		</Unit>
		<Unit filename="..\..\src\testPoint3r.cpp">
			<Option compilerVar="CPP" />
			<Option target="Release" />
			<Option target="Debug" />
		</Unit>
		<Unit filename="..\..\src\testQuaternion.cpp">
			<Option compilerVar="CPP" />
			<Option target="Release" />
			<Option target="Debug" />
		</Unit>
		<Unit filename="..\..\src\testRaycastSensor.cpp">
			<Option compilerVar="CPP" />
			<Option target="Release" />
			<Option target="Debug" />
		</Unit>
		<Unit filename="..\..\src\testServoMotor.cpp">
			<Option compilerVar="CPP" />
			<Option target="Release" />
			<Option target="Debug" />
		</Unit>
		<Unit filename="..\..\src\testSimulator.cpp">
			<Option compilerVar="CPP" />
			<Option target="Release" />
			<Option target="Debug" />
		</Unit>
		<Unit filename="..\..\src\testSolid.cpp">
			<Option compilerVar="CPP" />
			<Option target="Release" />
			<Option target="Debug" />
		</Unit>
		<Unit filename="..\..\src\testThrusterMotor.cpp">
			<Option compilerVar="CPP" />
			<Option target="Release" />
			<Option target="Debug" />
		</Unit>
		<Unit filename="..\..\src\testVec3r.cpp">
			<Option compilerVar="CPP" />
			<Option target="Release" />
			<Option target="Debug" />
		</Unit>
		<Unit filename="..\..\src\testVelocityMotor.cpp">
			<Option compilerVar="CPP" />
			<Option target="Release" />
			<Option target="Debug" />
		</Unit>
		<Unit filename="..\..\src\testVolumeSensor.cpp">
			<Option compilerVar="CPP" />
			<Option target="Release" />
			<Option target="Debug" />
		</Unit>
		<Unit filename="..\..\src\testopal.cpp">
			<Option compilerVar="CPP" />
			<Option target="Release" />
			<Option target="Debug" />
		</Unit>
	</Project>
</CodeBlocks_project_file>